
Microsoft Visual Studio Solution File, Format Version 12.00
# Visual Studio Version 17
VisualStudioVersion = 17.5.33530.505
MinimumVisualStudioVersion = 10.0.40219.1
Project("{FAE04EC0-301F-11D3-BF4B-00C04F79EFBC}") = "MyFirstApp", "MyFirstApp\MyFirstApp.csproj", "{85B6F548-ADD7-433E-9586-7FA467391684}"
EndProject
Global
	GlobalSection(SolutionConfigurationPlatforms) = preSolution
		Debug|Any CPU = Debug|Any CPU
		Release|Any CPU = Release|Any CPU
	EndGlobalSection
	GlobalSection(ProjectConfigurationPlatforms) = postSolution
		{85B6F548-ADD7-433E-9586-7FA467391684}.Debug|Any CPU.ActiveCfg = Debug|Any CPU
		{85B6F548-ADD7-433E-9586-7FA467391684}.Debug|Any CPU.Build.0 = Debug|Any CPU
		{85B6F548-ADD7-433E-9586-7FA467391684}.Release|Any CPU.ActiveCfg = Release|Any CPU
		{85B6F548-ADD7-433E-9586-7FA467391684}.Release|Any CPU.Build.0 = Release|Any CPU
	EndGlobalSection
	GlobalSection(SolutionProperties) = preSolution
		HideSolutionNode = FALSE
	EndGlobalSection
	GlobalSection(ExtensibilityGlobals) = postSolution
		SolutionGuid = {18683970-2068-4F85-82B1-C98B947B8967}
	EndGlobalSection
EndGlobal
